
Microsoft Visual Studio Solution File, Format Version 12.00
# Visual Studio 14
VisualStudioVersion = 14.0.25420.1
MinimumVisualStudioVersion = 10.0.40219.1
Project("{FAE04EC0-301F-11D3-BF4B-00C04F79EFBC}") = "PasswordValidatorRevised", "PasswordValidatorRevised\PasswordValidatorRevised.csproj", "{335DD51B-56FA-4FC1-80BC-834956D47702}"
EndProject
Project("{FAE04EC0-301F-11D3-BF4B-00C04F79EFBC}") = "PasswordValidatorTest", "PasswordValidatorTest\PasswordValidatorTest.csproj", "{46CD7C95-2D96-4604-8AEA-6AD2F0615F0C}"
EndProject
Global
	GlobalSection(SolutionConfigurationPlatforms) = preSolution
		Debug|Any CPU = Debug|Any CPU
		Release|Any CPU = Release|Any CPU
	EndGlobalSection
	GlobalSection(ProjectConfigurationPlatforms) = postSolution
		{335DD51B-56FA-4FC1-80BC-834956D47702}.Debug|Any CPU.ActiveCfg = Debug|Any CPU
		{335DD51B-56FA-4FC1-80BC-834956D47702}.Debug|Any CPU.Build.0 = Debug|Any CPU
		{335DD51B-56FA-4FC1-80BC-834956D47702}.Release|Any CPU.ActiveCfg = Release|Any CPU
		{335DD51B-56FA-4FC1-80BC-834956D47702}.Release|Any CPU.Build.0 = Release|Any CPU
		{46CD7C95-2D96-4604-8AEA-6AD2F0615F0C}.Debug|Any CPU.ActiveCfg = Debug|Any CPU
		{46CD7C95-2D96-4604-8AEA-6AD2F0615F0C}.Debug|Any CPU.Build.0 = Debug|Any CPU
		{46CD7C95-2D96-4604-8AEA-6AD2F0615F0C}.Release|Any CPU.ActiveCfg = Release|Any CPU
		{46CD7C95-2D96-4604-8AEA-6AD2F0615F0C}.Release|Any CPU.Build.0 = Release|Any CPU
	EndGlobalSection
	GlobalSection(SolutionProperties) = preSolution
		HideSolutionNode = FALSE
	EndGlobalSection
EndGlobal
